
Microsoft Visual Studio Solution File, Format Version 12.00
# Visual Studio Version 16
VisualStudioVersion = 16.0.30907.101
MinimumVisualStudioVersion = 10.0.40219.1
Project("{9A19103F-16F7-4668-BE54-9A1E7A4F7556}") = "Kampintro", "Kampintro\Kampintro.csproj", "{6073C33A-AEE3-4295-B543-893963AE975A}"
EndProject
Project("{9A19103F-16F7-4668-BE54-9A1E7A4F7556}") = "Donguler", "Donguler\Donguler.csproj", "{4AA1DB12-E8AD-4E3F-BDEB-2E092DC2654C}"
EndProject
Project("{9A19103F-16F7-4668-BE54-9A1E7A4F7556}") = "ClassIntro", "ClassIntro\ClassIntro.csproj", "{6BF7E41E-FE00-438A-A41E-96153191F4F1}"
EndProject
Project("{9A19103F-16F7-4668-BE54-9A1E7A4F7556}") = "Metotlar", "Metotlar\Metotlar.csproj", "{8953DD78-2CB4-476A-BECD-712172067616}"
EndProject
Project("{FAE04EC0-301F-11D3-BF4B-00C04F79EFBC}") = "Matematik", "Matematik\Matematik.csproj", "{FC45D5D7-7909-4FF4-93D4-DB63A52C74EB}"
EndProject
Project("{FAE04EC0-301F-11D3-BF4B-00C04F79EFBC}") = "ConsDegerVeReferansTıpler", "ConsDegerVeReferansTıpler\ConsDegerVeReferansTıpler.csproj", "{8A8E0E41-6C5A-47D2-9D91-669A12C3689F}"
EndProject
Global
	GlobalSection(SolutionConfigurationPlatforms) = preSolution
		Debug|Any CPU = Debug|Any CPU
		Release|Any CPU = Release|Any CPU
	EndGlobalSection
	GlobalSection(ProjectConfigurationPlatforms) = postSolution
		{6073C33A-AEE3-4295-B543-893963AE975A}.Debug|Any CPU.ActiveCfg = Debug|Any CPU
		{6073C33A-AEE3-4295-B543-893963AE975A}.Debug|Any CPU.Build.0 = Debug|Any CPU
		{6073C33A-AEE3-4295-B543-893963AE975A}.Release|Any CPU.ActiveCfg = Release|Any CPU
		{6073C33A-AEE3-4295-B543-893963AE975A}.Release|Any CPU.Build.0 = Release|Any CPU
		{4AA1DB12-E8AD-4E3F-BDEB-2E092DC2654C}.Debug|Any CPU.ActiveCfg = Debug|Any CPU
		{4AA1DB12-E8AD-4E3F-BDEB-2E092DC2654C}.Debug|Any CPU.Build.0 = Debug|Any CPU
		{4AA1DB12-E8AD-4E3F-BDEB-2E092DC2654C}.Release|Any CPU.ActiveCfg = Release|Any CPU
		{4AA1DB12-E8AD-4E3F-BDEB-2E092DC2654C}.Release|Any CPU.Build.0 = Release|Any CPU
		{6BF7E41E-FE00-438A-A41E-96153191F4F1}.Debug|Any CPU.ActiveCfg = Debug|Any CPU
		{6BF7E41E-FE00-438A-A41E-96153191F4F1}.Debug|Any CPU.Build.0 = Debug|Any CPU
		{6BF7E41E-FE00-438A-A41E-96153191F4F1}.Release|Any CPU.ActiveCfg = Release|Any CPU
		{6BF7E41E-FE00-438A-A41E-96153191F4F1}.Release|Any CPU.Build.0 = Release|Any CPU
		{8953DD78-2CB4-476A-BECD-712172067616}.Debug|Any CPU.ActiveCfg = Debug|Any CPU
		{8953DD78-2CB4-476A-BECD-712172067616}.Debug|Any CPU.Build.0 = Debug|Any CPU
		{8953DD78-2CB4-476A-BECD-712172067616}.Release|Any CPU.ActiveCfg = Release|Any CPU
		{8953DD78-2CB4-476A-BECD-712172067616}.Release|Any CPU.Build.0 = Release|Any CPU
		{FC45D5D7-7909-4FF4-93D4-DB63A52C74EB}.Debug|Any CPU.ActiveCfg = Debug|Any CPU
		{FC45D5D7-7909-4FF4-93D4-DB63A52C74EB}.Debug|Any CPU.Build.0 = Debug|Any CPU
		{FC45D5D7-7909-4FF4-93D4-DB63A52C74EB}.Release|Any CPU.ActiveCfg = Release|Any CPU
		{FC45D5D7-7909-4FF4-93D4-DB63A52C74EB}.Release|Any CPU.Build.0 = Release|Any CPU
		{8A8E0E41-6C5A-47D2-9D91-669A12C3689F}.Debug|Any CPU.ActiveCfg = Debug|Any CPU
		{8A8E0E41-6C5A-47D2-9D91-669A12C3689F}.Debug|Any CPU.Build.0 = Debug|Any CPU
		{8A8E0E41-6C5A-47D2-9D91-669A12C3689F}.Release|Any CPU.ActiveCfg = Release|Any CPU
		{8A8E0E41-6C5A-47D2-9D91-669A12C3689F}.Release|Any CPU.Build.0 = Release|Any CPU
	EndGlobalSection
	GlobalSection(SolutionProperties) = preSolution
		HideSolutionNode = FALSE
	EndGlobalSection
	GlobalSection(ExtensibilityGlobals) = postSolution
		SolutionGuid = {97684EB9-101B-4D56-99D1-F65C884AFF2A}
	EndGlobalSection
EndGlobal
